{
  "name": "automation-runner-pages-lab",
  "lockfileVersion": 3,
  "requires": true,
  "packages": {
    "": {
      "name": "automation-runner-pages-lab",
      "workspaces": [
        "app"
      ]
    },
    "app": {
      "version": "0.0.0"
    },
    "node_modules/app": {
      "resolved": "app",
      "link": true
    }
  }
}
